
Microsoft Visual Studio Solution File, Format Version 12.00
# Visual Studio 14
VisualStudioVersion = 14.0.23107.0
MinimumVisualStudioVersion = 10.0.40219.1
Project("{2150E333-8FDC-42A3-9474-1A3956D46DE8}") = "src", "src", "{3408211E-44F9-4976-98B8-8BA250115B5F}"
EndProject
Project("{2150E333-8FDC-42A3-9474-1A3956D46DE8}") = "Solution Items", "Solution Items", "{98BD666F-0E79-4660-84BD-01A66B92D006}"
	ProjectSection(SolutionItems) = preProject
		global.json = global.json
	EndProjectSection
EndProject
Project("{8BB2217D-0F2D-49D1-97BC-3654ED321F3B}") = "ConsoleApp1", "src\ConsoleApp1\ConsoleApp1.xproj", "{FE07B7EE-30FC-4349-A6A9-2C4DF0F5EF17}"
EndProject
Global
	GlobalSection(SolutionConfigurationPlatforms) = preSolution
		Debug|Any CPU = Debug|Any CPU
		Release|Any CPU = Release|Any CPU
	EndGlobalSection
	GlobalSection(ProjectConfigurationPlatforms) = postSolution
		{FE07B7EE-30FC-4349-A6A9-2C4DF0F5EF17}.Debug|Any CPU.ActiveCfg = Debug|Any CPU
		{FE07B7EE-30FC-4349-A6A9-2C4DF0F5EF17}.Debug|Any CPU.Build.0 = Debug|Any CPU
		{FE07B7EE-30FC-4349-A6A9-2C4DF0F5EF17}.Release|Any CPU.ActiveCfg = Release|Any CPU
		{FE07B7EE-30FC-4349-A6A9-2C4DF0F5EF17}.Release|Any CPU.Build.0 = Release|Any CPU
	EndGlobalSection
	GlobalSection(SolutionProperties) = preSolution
		HideSolutionNode = FALSE
	EndGlobalSection
	GlobalSection(NestedProjects) = preSolution
		{FE07B7EE-30FC-4349-A6A9-2C4DF0F5EF17} = {3408211E-44F9-4976-98B8-8BA250115B5F}
	EndGlobalSection
EndGlobal
